<?xml version="1.0" encoding="utf-8"?>
<Project ToolsVersion="4.0" xmlns="http://schemas.microsoft.com/developer/msbuild/2003">
  <ItemGroup>
    <Filter Include="Framework">
      <UniqueIdentifier>{f28d7151-d42e-4b14-a958-1010199667a2}</UniqueIdentifier>
    </Filter>
    <Filter Include="Game">
      <UniqueIdentifier>{5143ae8c-53b9-49bb-972e-2e49c8d33d6c}</UniqueIdentifier>
    </Filter>
    <Filter Include="Vendor">
      <UniqueIdentifier>{649b4475-434b-4a0b-ac39-d2e2004bfff8}</UniqueIdentifier>
    </Filter>
    <Filter Include="Game\Simulation">
      <UniqueIdentifier>{39cb85ee-7f2b-4b3b-b271-f3a787e80cd9}</UniqueIdentifier>
    </Filter>
    <Filter Include="Game\Elements">
      <UniqueIdentifier>{a036d088-0041-4e2a-9619-adc5b39b142b}</UniqueIdentifier>
    </Filter>
    <Filter Include="Game\Elements\Behaviors">
      <UniqueIdentifier>{5c3d25d7-189e-4549-8738-18b6eb679120}</UniqueIdentifier>
    </Filter>
  </ItemGroup>
  <ItemGroup>
    <ClCompile Include="main.cpp">
      <Filter>Framework</Filter>
    </ClCompile>
    <ClCompile Include="Window.cpp">
      <Filter>Framework</Filter>
    </ClCompile>
    <ClCompile Include="glad.c">
      <Filter>Vendor</Filter>
    </ClCompile>
    <ClCompile Include="Game.cpp">
      <Filter>Game</Filter>
    </ClCompile>
    <ClCompile Include="ElementRenderer.cpp">
      <Filter>Game\Elements</Filter>
    </ClCompile>
    <ClCompile Include="CPUSandSimulation.cpp">
      <Filter>Game\Simulation</Filter>
    </ClCompile>
    <ClCompile Include="ServiceLocator.cpp">
      <Filter>Game\Simulation</Filter>
    </ClCompile>
    <ClCompile Include="Grid.cpp">
      <Filter>Game\Simulation</Filter>
    </ClCompile>
    <ClCompile Include="Cell.cpp">
      <Filter>Game\Simulation</Filter>
    </ClCompile>
    <ClCompile Include="Behavior.cpp">
      <Filter>Game\Elements\Behaviors</Filter>
    </ClCompile>
    <ClCompile Include="Element.cpp">
      <Filter>Game\Elements</Filter>
    </ClCompile>
  </ItemGroup>
  <ItemGroup>
    <ClInclude Include="Window.h">
      <Filter>Framework</Filter>
    </ClInclude>
    <ClInclude Include="Game.h">
      <Filter>Game</Filter>
    </ClInclude>
    <ClInclude Include="Element.h">
      <Filter>Game\Elements</Filter>
    </ClInclude>
    <ClInclude Include="ElementRenderer.h">
      <Filter>Game\Elements</Filter>
    </ClInclude>
    <ClInclude Include="CPUSandSimulation.h">
      <Filter>Game\Simulation</Filter>
    </ClInclude>
    <ClInclude Include="ServiceLocator.h">
      <Filter>Game\Simulation</Filter>
    </ClInclude>
    <ClInclude Include="ISandSimulation.h">
      <Filter>Game\Simulation</Filter>
    </ClInclude>
    <ClInclude Include="Grid.h">
      <Filter>Game\Simulation</Filter>
    </ClInclude>
    <ClInclude Include="Behavior.h">
      <Filter>Game\Elements\Behaviors</Filter>
    </ClInclude>
    <ClInclude Include="Cell.h">
      <Filter>Game\Simulation</Filter>
    </ClInclude>
  </ItemGroup>
</Project>